
Microsoft Visual Studio Solution File, Format Version 12.00
# Visual Studio Version 17
VisualStudioVersion = 17.10.35004.147
MinimumVisualStudioVersion = 10.0.40219.1
Project("{9A19103F-16F7-4668-BE54-9A1E7A4F7556}") = "KringeShopApi", "KringeShopApi\KringeShopApi.csproj", "{C0B8F8D0-3CBF-469B-9052-5B98DD6B7A74}"
EndProject
Project("{9A19103F-16F7-4668-BE54-9A1E7A4F7556}") = "KringeShopLib", "KringeShopLib\KringeShopLib.csproj", "{33B3ACED-BB98-4710-BB39-27B6D839918A}"
EndProject
Project("{9A19103F-16F7-4668-BE54-9A1E7A4F7556}") = "KringeShopWebClient", "KringeShopWebClient\KringeShopWebClient.csproj", "{21447A34-A73F-4AB4-A02A-29C1AABA5764}"
EndProject
Global
	GlobalSection(SolutionConfigurationPlatforms) = preSolution
		Debug|Any CPU = Debug|Any CPU
		Release|Any CPU = Release|Any CPU
	EndGlobalSection
	GlobalSection(ProjectConfigurationPlatforms) = postSolution
		{C0B8F8D0-3CBF-469B-9052-5B98DD6B7A74}.Debug|Any CPU.ActiveCfg = Debug|Any CPU
		{C0B8F8D0-3CBF-469B-9052-5B98DD6B7A74}.Debug|Any CPU.Build.0 = Debug|Any CPU
		{C0B8F8D0-3CBF-469B-9052-5B98DD6B7A74}.Release|Any CPU.ActiveCfg = Release|Any CPU
		{C0B8F8D0-3CBF-469B-9052-5B98DD6B7A74}.Release|Any CPU.Build.0 = Release|Any CPU
		{33B3ACED-BB98-4710-BB39-27B6D839918A}.Debug|Any CPU.ActiveCfg = Debug|Any CPU
		{33B3ACED-BB98-4710-BB39-27B6D839918A}.Debug|Any CPU.Build.0 = Debug|Any CPU
		{33B3ACED-BB98-4710-BB39-27B6D839918A}.Release|Any CPU.ActiveCfg = Release|Any CPU
		{33B3ACED-BB98-4710-BB39-27B6D839918A}.Release|Any CPU.Build.0 = Release|Any CPU
		{21447A34-A73F-4AB4-A02A-29C1AABA5764}.Debug|Any CPU.ActiveCfg = Debug|Any CPU
		{21447A34-A73F-4AB4-A02A-29C1AABA5764}.Debug|Any CPU.Build.0 = Debug|Any CPU
		{21447A34-A73F-4AB4-A02A-29C1AABA5764}.Release|Any CPU.ActiveCfg = Release|Any CPU
		{21447A34-A73F-4AB4-A02A-29C1AABA5764}.Release|Any CPU.Build.0 = Release|Any CPU
	EndGlobalSection
	GlobalSection(SolutionProperties) = preSolution
		HideSolutionNode = FALSE
	EndGlobalSection
	GlobalSection(ExtensibilityGlobals) = postSolution
		SolutionGuid = {C41A48D4-4C43-4606-BA85-5071507C8DE4}
	EndGlobalSection
EndGlobal
