
Microsoft Visual Studio Solution File, Format Version 12.00
# Visual Studio Version 17
VisualStudioVersion = 17.10.35004.147
MinimumVisualStudioVersion = 10.0.40219.1
Project("{FAE04EC0-301F-11D3-BF4B-00C04F79EFBC}") = "KringeShopWpf", "KringeShopWpf\KringeShopWpf.csproj", "{D1DF7556-955D-4B50-97EF-45D4B1B443C3}"
EndProject
Project("{FAE04EC0-301F-11D3-BF4B-00C04F79EFBC}") = "KrinageShopWeb", "KrinageShopWeb\KrinageShopWeb.csproj", "{17C34924-4987-4BAF-8D69-D0535ADF1BF9}"
EndProject
Project("{FAE04EC0-301F-11D3-BF4B-00C04F79EFBC}") = "KringeShopApi", "KringeShopApi\KringeShopApi.csproj", "{C0B8F8D0-3CBF-469B-9052-5B98DD6B7A74}"
EndProject
Global
	GlobalSection(SolutionConfigurationPlatforms) = preSolution
		Debug|Any CPU = Debug|Any CPU
		Release|Any CPU = Release|Any CPU
	EndGlobalSection
	GlobalSection(ProjectConfigurationPlatforms) = postSolution
		{D1DF7556-955D-4B50-97EF-45D4B1B443C3}.Debug|Any CPU.ActiveCfg = Debug|Any CPU
		{D1DF7556-955D-4B50-97EF-45D4B1B443C3}.Debug|Any CPU.Build.0 = Debug|Any CPU
		{D1DF7556-955D-4B50-97EF-45D4B1B443C3}.Release|Any CPU.ActiveCfg = Release|Any CPU
		{D1DF7556-955D-4B50-97EF-45D4B1B443C3}.Release|Any CPU.Build.0 = Release|Any CPU
		{17C34924-4987-4BAF-8D69-D0535ADF1BF9}.Debug|Any CPU.ActiveCfg = Debug|Any CPU
		{17C34924-4987-4BAF-8D69-D0535ADF1BF9}.Debug|Any CPU.Build.0 = Debug|Any CPU
		{17C34924-4987-4BAF-8D69-D0535ADF1BF9}.Release|Any CPU.ActiveCfg = Release|Any CPU
		{17C34924-4987-4BAF-8D69-D0535ADF1BF9}.Release|Any CPU.Build.0 = Release|Any CPU
		{C0B8F8D0-3CBF-469B-9052-5B98DD6B7A74}.Debug|Any CPU.ActiveCfg = Debug|Any CPU
		{C0B8F8D0-3CBF-469B-9052-5B98DD6B7A74}.Debug|Any CPU.Build.0 = Debug|Any CPU
		{C0B8F8D0-3CBF-469B-9052-5B98DD6B7A74}.Release|Any CPU.ActiveCfg = Release|Any CPU
		{C0B8F8D0-3CBF-469B-9052-5B98DD6B7A74}.Release|Any CPU.Build.0 = Release|Any CPU
	EndGlobalSection
	GlobalSection(SolutionProperties) = preSolution
		HideSolutionNode = FALSE
	EndGlobalSection
	GlobalSection(ExtensibilityGlobals) = postSolution
		SolutionGuid = {C41A48D4-4C43-4606-BA85-5071507C8DE4}
	EndGlobalSection
EndGlobal
